
Microsoft Visual Studio Solution File, Format Version 12.00
# Visual Studio 14
VisualStudioVersion = 14.0.25420.1
MinimumVisualStudioVersion = 10.0.40219.1
Project("{FAE04EC0-301F-11D3-BF4B-00C04F79EFBC}") = "6 - Цифри", "Задача 6 - Цифри\6 - Цифри.csproj", "{DCC5EDD9-24B5-42A5-AAE3-0701F5C5BE71}"
EndProject
Project("{FAE04EC0-301F-11D3-BF4B-00C04F79EFBC}") = "5 - Брадва", "5 - Брадва\5 - Брадва.csproj", "{B4841BE4-6638-4773-9A55-8E9F4B817511}"
EndProject
Project("{FAE04EC0-301F-11D3-BF4B-00C04F79EFBC}") = "4 - Болница", "4 - Болница\4 - Болница.csproj", "{EC24D8DA-279F-4A94-BE0B-0980BE4F2809}"
EndProject
Project("{FAE04EC0-301F-11D3-BF4B-00C04F79EFBC}") = "3 - Хотелска стая", "3 - Хотелска стая\3 - Хотелска стая.csproj", "{56FCD0B9-FECE-4EE1-AE70-6030B4884D91}"
EndProject
Project("{FAE04EC0-301F-11D3-BF4B-00C04F79EFBC}") = "2 - Фирма", "2 - Фирма\2 - Фирма.csproj", "{893DDBFE-45A0-48FE-901F-6B5A4F46CCFD}"
EndProject
Project("{FAE04EC0-301F-11D3-BF4B-00C04F79EFBC}") = "01 - Дневна печалба", "01 - Дневна печалба\01 - Дневна печалба.csproj", "{82EBC8F8-E40E-40B6-8AEF-29C990C7B398}"
EndProject
Global
	GlobalSection(SolutionConfigurationPlatforms) = preSolution
		Debug|Any CPU = Debug|Any CPU
		Release|Any CPU = Release|Any CPU
	EndGlobalSection
	GlobalSection(ProjectConfigurationPlatforms) = postSolution
		{DCC5EDD9-24B5-42A5-AAE3-0701F5C5BE71}.Debug|Any CPU.ActiveCfg = Debug|Any CPU
		{DCC5EDD9-24B5-42A5-AAE3-0701F5C5BE71}.Debug|Any CPU.Build.0 = Debug|Any CPU
		{DCC5EDD9-24B5-42A5-AAE3-0701F5C5BE71}.Release|Any CPU.ActiveCfg = Release|Any CPU
		{DCC5EDD9-24B5-42A5-AAE3-0701F5C5BE71}.Release|Any CPU.Build.0 = Release|Any CPU
		{B4841BE4-6638-4773-9A55-8E9F4B817511}.Debug|Any CPU.ActiveCfg = Debug|Any CPU
		{B4841BE4-6638-4773-9A55-8E9F4B817511}.Debug|Any CPU.Build.0 = Debug|Any CPU
		{B4841BE4-6638-4773-9A55-8E9F4B817511}.Release|Any CPU.ActiveCfg = Release|Any CPU
		{B4841BE4-6638-4773-9A55-8E9F4B817511}.Release|Any CPU.Build.0 = Release|Any CPU
		{EC24D8DA-279F-4A94-BE0B-0980BE4F2809}.Debug|Any CPU.ActiveCfg = Debug|Any CPU
		{EC24D8DA-279F-4A94-BE0B-0980BE4F2809}.Debug|Any CPU.Build.0 = Debug|Any CPU
		{EC24D8DA-279F-4A94-BE0B-0980BE4F2809}.Release|Any CPU.ActiveCfg = Release|Any CPU
		{EC24D8DA-279F-4A94-BE0B-0980BE4F2809}.Release|Any CPU.Build.0 = Release|Any CPU
		{56FCD0B9-FECE-4EE1-AE70-6030B4884D91}.Debug|Any CPU.ActiveCfg = Debug|Any CPU
		{56FCD0B9-FECE-4EE1-AE70-6030B4884D91}.Debug|Any CPU.Build.0 = Debug|Any CPU
		{56FCD0B9-FECE-4EE1-AE70-6030B4884D91}.Release|Any CPU.ActiveCfg = Release|Any CPU
		{56FCD0B9-FECE-4EE1-AE70-6030B4884D91}.Release|Any CPU.Build.0 = Release|Any CPU
		{893DDBFE-45A0-48FE-901F-6B5A4F46CCFD}.Debug|Any CPU.ActiveCfg = Debug|Any CPU
		{893DDBFE-45A0-48FE-901F-6B5A4F46CCFD}.Debug|Any CPU.Build.0 = Debug|Any CPU
		{893DDBFE-45A0-48FE-901F-6B5A4F46CCFD}.Release|Any CPU.ActiveCfg = Release|Any CPU
		{893DDBFE-45A0-48FE-901F-6B5A4F46CCFD}.Release|Any CPU.Build.0 = Release|Any CPU
		{82EBC8F8-E40E-40B6-8AEF-29C990C7B398}.Debug|Any CPU.ActiveCfg = Debug|Any CPU
		{82EBC8F8-E40E-40B6-8AEF-29C990C7B398}.Debug|Any CPU.Build.0 = Debug|Any CPU
		{82EBC8F8-E40E-40B6-8AEF-29C990C7B398}.Release|Any CPU.ActiveCfg = Release|Any CPU
		{82EBC8F8-E40E-40B6-8AEF-29C990C7B398}.Release|Any CPU.Build.0 = Release|Any CPU
	EndGlobalSection
	GlobalSection(SolutionProperties) = preSolution
		HideSolutionNode = FALSE
	EndGlobalSection
EndGlobal
